
Microsoft Visual Studio Solution File, Format Version 12.00
# Visual Studio 15
VisualStudioVersion = 15.0.28307.438
MinimumVisualStudioVersion = 10.0.40219.1
Project("{FAE04EC0-301F-11D3-BF4B-00C04F79EFBC}") = "BasicScannerService", "BasicScannerService\BasicScannerService.csproj", "{752C4D6B-0950-4282-980B-664408F43145}"
EndProject
Global
	GlobalSection(SolutionConfigurationPlatforms) = preSolution
		Debug|Any CPU = Debug|Any CPU
		Release|Any CPU = Release|Any CPU
	EndGlobalSection
	GlobalSection(ProjectConfigurationPlatforms) = postSolution
		{752C4D6B-0950-4282-980B-664408F43145}.Debug|Any CPU.ActiveCfg = Debug|Any CPU
		{752C4D6B-0950-4282-980B-664408F43145}.Debug|Any CPU.Build.0 = Debug|Any CPU
		{752C4D6B-0950-4282-980B-664408F43145}.Release|Any CPU.ActiveCfg = Release|Any CPU
		{752C4D6B-0950-4282-980B-664408F43145}.Release|Any CPU.Build.0 = Release|Any CPU
	EndGlobalSection
	GlobalSection(SolutionProperties) = preSolution
		HideSolutionNode = FALSE
	EndGlobalSection
	GlobalSection(ExtensibilityGlobals) = postSolution
		SolutionGuid = {28D5C79B-8217-43ED-A1B6-D804C1B9012B}
	EndGlobalSection
EndGlobal
